
Microsoft Visual Studio Solution File, Format Version 12.00
# Visual Studio Version 17
VisualStudioVersion = 17.0.31521.260
MinimumVisualStudioVersion = 10.0.40219.1
Project("{9A19103F-16F7-4668-BE54-9A1E7A4F7556}") = "OpenPlatform.Client.Core", "OpenPlatform.Client.Core\OpenPlatform.Client.Core.csproj", "{2C0898DB-2E20-46B4-8293-620CE59326CA}"
EndProject
Project("{9A19103F-16F7-4668-BE54-9A1E7A4F7556}") = "OpenPlatform.Client.MaterialIO", "OpenPlatform.Client.MaterialIO\OpenPlatform.Client.MaterialIO.csproj", "{265FB819-DAB9-438C-B2DC-77044FECAE6F}"
EndProject
Project("{9A19103F-16F7-4668-BE54-9A1E7A4F7556}") = "OpenPlatform.Client.SLDS", "OpenPlatform.Client.SLDS\OpenPlatform.Client.SLDS.csproj", "{3E497C2D-4179-478B-989E-39B42FC593A5}"
EndProject
Project("{9A19103F-16F7-4668-BE54-9A1E7A4F7556}") = "OpenPlatform.Client.Web", "OpenPlatform.Client.Web\OpenPlatform.Client.Web.csproj", "{EEB6D43F-4ACC-485B-9141-763948B12C1A}"
EndProject
Global
	GlobalSection(SolutionConfigurationPlatforms) = preSolution
		Debug|Any CPU = Debug|Any CPU
		Release|Any CPU = Release|Any CPU
	EndGlobalSection
	GlobalSection(ProjectConfigurationPlatforms) = postSolution
		{2C0898DB-2E20-46B4-8293-620CE59326CA}.Debug|Any CPU.ActiveCfg = Debug|Any CPU
		{2C0898DB-2E20-46B4-8293-620CE59326CA}.Debug|Any CPU.Build.0 = Debug|Any CPU
		{2C0898DB-2E20-46B4-8293-620CE59326CA}.Release|Any CPU.ActiveCfg = Release|Any CPU
		{2C0898DB-2E20-46B4-8293-620CE59326CA}.Release|Any CPU.Build.0 = Release|Any CPU
		{265FB819-DAB9-438C-B2DC-77044FECAE6F}.Debug|Any CPU.ActiveCfg = Debug|Any CPU
		{265FB819-DAB9-438C-B2DC-77044FECAE6F}.Debug|Any CPU.Build.0 = Debug|Any CPU
		{265FB819-DAB9-438C-B2DC-77044FECAE6F}.Release|Any CPU.ActiveCfg = Release|Any CPU
		{265FB819-DAB9-438C-B2DC-77044FECAE6F}.Release|Any CPU.Build.0 = Release|Any CPU
		{3E497C2D-4179-478B-989E-39B42FC593A5}.Debug|Any CPU.ActiveCfg = Debug|Any CPU
		{3E497C2D-4179-478B-989E-39B42FC593A5}.Debug|Any CPU.Build.0 = Debug|Any CPU
		{3E497C2D-4179-478B-989E-39B42FC593A5}.Release|Any CPU.ActiveCfg = Release|Any CPU
		{3E497C2D-4179-478B-989E-39B42FC593A5}.Release|Any CPU.Build.0 = Release|Any CPU
		{EEB6D43F-4ACC-485B-9141-763948B12C1A}.Debug|Any CPU.ActiveCfg = Debug|Any CPU
		{EEB6D43F-4ACC-485B-9141-763948B12C1A}.Debug|Any CPU.Build.0 = Debug|Any CPU
		{EEB6D43F-4ACC-485B-9141-763948B12C1A}.Release|Any CPU.ActiveCfg = Release|Any CPU
		{EEB6D43F-4ACC-485B-9141-763948B12C1A}.Release|Any CPU.Build.0 = Release|Any CPU
	EndGlobalSection
	GlobalSection(SolutionProperties) = preSolution
		HideSolutionNode = FALSE
	EndGlobalSection
	GlobalSection(ExtensibilityGlobals) = postSolution
		SolutionGuid = {BA73E400-365F-4F30-8C12-9D0F71AB57A2}
	EndGlobalSection
EndGlobal
